// !$*UTF8*$!
{
	archiveVersion = 1;
	classes = {
	};
	objectVersion = 48;
	objects = {

/* Begin PBXBuildFile section */
		A3853573272EEB910093A80C /* AppDelegate.swift in Sources */ = {isa = PBXBuildFile; fileRef = A3853572272EEB910093A80C /* AppDelegate.swift */; };
		A3853575272EEB910093A80C /* ViewController.swift in Sources */ = {isa = PBXBuildFile; fileRef = A3853574272EEB910093A80C /* ViewController.swift */; };
		A3853577272EEB910093A80C /* Assets.xcassets in Resources */ = {isa = PBXBuildFile; fileRef = A3853576272EEB910093A80C /* Assets.xcassets */; };
		A385357A272EEB910093A80C /* Main.storyboard in Resources */ = {isa = PBXBuildFile; fileRef = A3853578272EEB910093A80C /* Main.storyboard */; };
		A3853586272EEB910093A80C /* quick_blank_fileTests.swift in Sources */ = {isa = PBXBuildFile; fileRef = A3853585272EEB910093A80C /* quick_blank_fileTests.swift */; };
		A3853591272EEB910093A80C /* quick_blank_fileUITests.swift in Sources */ = {isa = PBXBuildFile; fileRef = A3853590272EEB910093A80C /* quick_blank_fileUITests.swift */; };
/* End PBXBuildFile section */

/* Begin PBXContainerItemProxy section */
		A3853582272EEB910093A80C /* PBXContainerItemProxy */ = {
			isa = PBXContainerItemProxy;
			containerPortal = A3853567272EEB910093A80C /* Project object */;
			proxyType = 1;
			remoteGlobalIDString = A385356E272EEB910093A80C;
			remoteInfo = "quick-blank-file";
		};
		A385358D272EEB910093A80C /* PBXContainerItemProxy */ = {
			isa = PBXContainerItemProxy;
			containerPortal = A3853567272EEB910093A80C /* Project object */;
			proxyType = 1;
			remoteGlobalIDString = A385356E272EEB910093A80C;
			remoteInfo = "quick-blank-file";
		};
/* End PBXContainerItemProxy section */

/* Begin PBXFileReference section */
		A385356F272EEB910093A80C /* quick-blank-file.app */ = {isa = PBXFileReference; explicitFileType = wrapper.application; includeInIndex = 0; path = "quick-blank-file.app"; sourceTree = BUILT_PRODUCTS_DIR; };
		A3853572272EEB910093A80C /* AppDelegate.swift */ = {isa = PBXFileReference; lastKnownFileType = sourcecode.swift; path = AppDelegate.swift; sourceTree = "<group>"; };
		A3853574272EEB910093A80C /* ViewController.swift */ = {isa = PBXFileReference; lastKnownFileType = sourcecode.swift; path = ViewController.swift; sourceTree = "<group>"; };
		A3853576272EEB910093A80C /* Assets.xcassets */ = {isa = PBXFileReference; lastKnownFileType = folder.assetcatalog; path = Assets.xcassets; sourceTree = "<group>"; };
		A3853579272EEB910093A80C /* Base */ = {isa = PBXFileReference; lastKnownFileType = file.storyboard; name = Base; path = Base.lproj/Main.storyboard; sourceTree = "<group>"; };
		A385357B272EEB910093A80C /* Info.plist */ = {isa = PBXFileReference; lastKnownFileType = text.plist.xml; path = Info.plist; sourceTree = "<group>"; };
		A385357C272EEB910093A80C /* quick_blank_file.entitlements */ = {isa = PBXFileReference; lastKnownFileType = text.plist.entitlements; path = quick_blank_file.entitlements; sourceTree = "<group>"; };
		A3853581272EEB910093A80C /* quick-blank-fileTests.xctest */ = {isa = PBXFileReference; explicitFileType = wrapper.cfbundle; includeInIndex = 0; path = "quick-blank-fileTests.xctest"; sourceTree = BUILT_PRODUCTS_DIR; };
		A3853585272EEB910093A80C /* quick_blank_fileTests.swift */ = {isa = PBXFileReference; lastKnownFileType = sourcecode.swift; path = quick_blank_fileTests.swift; sourceTree = "<group>"; };
		A3853587272EEB910093A80C /* Info.plist */ = {isa = PBXFileReference; lastKnownFileType = text.plist.xml; path = Info.plist; sourceTree = "<group>"; };
		A385358C272EEB910093A80C /* quick-blank-fileUITests.xctest */ = {isa = PBXFileReference; explicitFileType = wrapper.cfbundle; includeInIndex = 0; path = "quick-blank-fileUITests.xctest"; sourceTree = BUILT_PRODUCTS_DIR; };
		A3853590272EEB910093A80C /* quick_blank_fileUITests.swift */ = {isa = PBXFileReference; lastKnownFileType = sourcecode.swift; path = quick_blank_fileUITests.swift; sourceTree = "<group>"; };
		A3853592272EEB910093A80C /* Info.plist */ = {isa = PBXFileReference; lastKnownFileType = text.plist.xml; path = Info.plist; sourceTree = "<group>"; };
/* End PBXFileReference section */

/* Begin PBXFrameworksBuildPhase section */
		A385356C272EEB910093A80C /* Frameworks */ = {
			isa = PBXFrameworksBuildPhase;
			buildActionMask = 2147483647;
			files = (
			);
			runOnlyForDeploymentPostprocessing = 0;
		};
		A385357E272EEB910093A80C /* Frameworks */ = {
			isa = PBXFrameworksBuildPhase;
			buildActionMask = 2147483647;
			files = (
			);
			runOnlyForDeploymentPostprocessing = 0;
		};
		A3853589272EEB910093A80C /* Frameworks */ = {
			isa = PBXFrameworksBuildPhase;
			buildActionMask = 2147483647;
			files = (
			);
			runOnlyForDeploymentPostprocessing = 0;
		};
/* End PBXFrameworksBuildPhase section */

/* Begin PBXGroup section */
		A3853566272EEB910093A80C = {
			isa = PBXGroup;
			children = (
				A3853571272EEB910093A80C /* quick-blank-file */,
				A3853584272EEB910093A80C /* quick-blank-fileTests */,
				A385358F272EEB910093A80C /* quick-blank-fileUITests */,
				A3853570272EEB910093A80C /* Products */,
			);
			sourceTree = "<group>";
		};
		A3853570272EEB910093A80C /* Products */ = {
			isa = PBXGroup;
			children = (
				A385356F272EEB910093A80C /* quick-blank-file.app */,
				A3853581272EEB910093A80C /* quick-blank-fileTests.xctest */,
				A385358C272EEB910093A80C /* quick-blank-fileUITests.xctest */,
			);
			name = Products;
			sourceTree = "<group>";
		};
		A3853571272EEB910093A80C /* quick-blank-file */ = {
			isa = PBXGroup;
			children = (
				A3853572272EEB910093A80C /* AppDelegate.swift */,
				A3853574272EEB910093A80C /* ViewController.swift */,
				A3853576272EEB910093A80C /* Assets.xcassets */,
				A3853578272EEB910093A80C /* Main.storyboard */,
				A385357B272EEB910093A80C /* Info.plist */,
				A385357C272EEB910093A80C /* quick_blank_file.entitlements */,
			);
			path = "quick-blank-file";
			sourceTree = "<group>";
		};
		A3853584272EEB910093A80C /* quick-blank-fileTests */ = {
			isa = PBXGroup;
			children = (
				A3853585272EEB910093A80C /* quick_blank_fileTests.swift */,
				A3853587272EEB910093A80C /* Info.plist */,
			);
			path = "quick-blank-fileTests";
			sourceTree = "<group>";
		};
		A385358F272EEB910093A80C /* quick-blank-fileUITests */ = {
			isa = PBXGroup;
			children = (
				A3853590272EEB910093A80C /* quick_blank_fileUITests.swift */,
				A3853592272EEB910093A80C /* Info.plist */,
			);
			path = "quick-blank-fileUITests";
			sourceTree = "<group>";
		};
/* End PBXGroup section */

/* Begin PBXNativeTarget section */
		A385356E272EEB910093A80C /* quick-blank-file */ = {
			isa = PBXNativeTarget;
			buildConfigurationList = A3853595272EEB910093A80C /* Build configuration list for PBXNativeTarget "quick-blank-file" */;
			buildPhases = (
				A385356B272EEB910093A80C /* Sources */,
				A385356C272EEB910093A80C /* Frameworks */,
				A385356D272EEB910093A80C /* Resources */,
			);
			buildRules = (
			);
			dependencies = (
			);
			name = "quick-blank-file";
			productName = "quick-blank-file";
			productReference = A385356F272EEB910093A80C /* quick-blank-file.app */;
			productType = "com.apple.product-type.application";
		};
		A3853580272EEB910093A80C /* quick-blank-fileTests */ = {
			isa = PBXNativeTarget;
			buildConfigurationList = A3853598272EEB910093A80C /* Build configuration list for PBXNativeTarget "quick-blank-fileTests" */;
			buildPhases = (
				A385357D272EEB910093A80C /* Sources */,
				A385357E272EEB910093A80C /* Frameworks */,
				A385357F272EEB910093A80C /* Resources */,
			);
			buildRules = (
			);
			dependencies = (
				A3853583272EEB910093A80C /* PBXTargetDependency */,
			);
			name = "quick-blank-fileTests";
			productName = "quick-blank-fileTests";
			productReference = A3853581272EEB910093A80C /* quick-blank-fileTests.xctest */;
			productType = "com.apple.product-type.bundle.unit-test";
		};
		A385358B272EEB910093A80C /* quick-blank-fileUITests */ = {
			isa = PBXNativeTarget;
			buildConfigurationList = A385359B272EEB910093A80C /* Build configuration list for PBXNativeTarget "quick-blank-fileUITests" */;
			buildPhases = (
				A3853588272EEB910093A80C /* Sources */,
				A3853589272EEB910093A80C /* Frameworks */,
				A385358A272EEB910093A80C /* Resources */,
			);
			buildRules = (
			);
			dependencies = (
				A385358E272EEB910093A80C /* PBXTargetDependency */,
			);
			name = "quick-blank-fileUITests";
			productName = "quick-blank-fileUITests";
			productReference = A385358C272EEB910093A80C /* quick-blank-fileUITests.xctest */;
			productType = "com.apple.product-type.bundle.ui-testing";
		};
/* End PBXNativeTarget section */

/* Begin PBXProject section */
		A3853567272EEB910093A80C /* Project object */ = {
			isa = PBXProject;
			attributes = {
				LastSwiftUpdateCheck = 0920;
				LastUpgradeCheck = 0920;
				ORGANIZATIONNAME = "Alexander A. Kropotin";
				TargetAttributes = {
					A385356E272EEB910093A80C = {
						CreatedOnToolsVersion = 9.2;
						ProvisioningStyle = Automatic;
					};
					A3853580272EEB910093A80C = {
						CreatedOnToolsVersion = 9.2;
						ProvisioningStyle = Automatic;
						TestTargetID = A385356E272EEB910093A80C;
					};
					A385358B272EEB910093A80C = {
						CreatedOnToolsVersion = 9.2;
						ProvisioningStyle = Automatic;
						TestTargetID = A385356E272EEB910093A80C;
					};
				};
			};
			buildConfigurationList = A385356A272EEB910093A80C /* Build configuration list for PBXProject "quick-blank-file" */;
			compatibilityVersion = "Xcode 8.0";
			developmentRegion = en;
			hasScannedForEncodings = 0;
			knownRegions = (
				en,
				Base,
			);
			mainGroup = A3853566272EEB910093A80C;
			productRefGroup = A3853570272EEB910093A80C /* Products */;
			projectDirPath = "";
			projectRoot = "";
			targets = (
				A385356E272EEB910093A80C /* quick-blank-file */,
				A3853580272EEB910093A80C /* quick-blank-fileTests */,
				A385358B272EEB910093A80C /* quick-blank-fileUITests */,
			);
		};
/* End PBXProject section */

/* Begin PBXResourcesBuildPhase section */
		A385356D272EEB910093A80C /* Resources */ = {
			isa = PBXResourcesBuildPhase;
			buildActionMask = 2147483647;
			files = (
				A3853577272EEB910093A80C /* Assets.xcassets in Resources */,
				A385357A272EEB910093A80C /* Main.storyboard in Resources */,
			);
			runOnlyForDeploymentPostprocessing = 0;
		};
		A385357F272EEB910093A80C /* Resources */ = {
			isa = PBXResourcesBuildPhase;
			buildActionMask = 2147483647;
			files = (
			);
			runOnlyForDeploymentPostprocessing = 0;
		};
		A385358A272EEB910093A80C /* Resources */ = {
			isa = PBXResourcesBuildPhase;
			buildActionMask = 2147483647;
			files = (
			);
			runOnlyForDeploymentPostprocessing = 0;
		};
/* End PBXResourcesBuildPhase section */

/* Begin PBXSourcesBuildPhase section */
		A385356B272EEB910093A80C /* Sources */ = {
			isa = PBXSourcesBuildPhase;
			buildActionMask = 2147483647;
			files = (
				A3853575272EEB910093A80C /* ViewController.swift in Sources */,
				A3853573272EEB910093A80C /* AppDelegate.swift in Sources */,
			);
			runOnlyForDeploymentPostprocessing = 0;
		};
		A385357D272EEB910093A80C /* Sources */ = {
			isa = PBXSourcesBuildPhase;
			buildActionMask = 2147483647;
			files = (
				A3853586272EEB910093A80C /* quick_blank_fileTests.swift in Sources */,
			);
			runOnlyForDeploymentPostprocessing = 0;
		};
		A3853588272EEB910093A80C /* Sources */ = {
			isa = PBXSourcesBuildPhase;
			buildActionMask = 2147483647;
			files = (
				A3853591272EEB910093A80C /* quick_blank_fileUITests.swift in Sources */,
			);
			runOnlyForDeploymentPostprocessing = 0;
		};
/* End PBXSourcesBuildPhase section */

/* Begin PBXTargetDependency section */
		A3853583272EEB910093A80C /* PBXTargetDependency */ = {
			isa = PBXTargetDependency;
			target = A385356E272EEB910093A80C /* quick-blank-file */;
			targetProxy = A3853582272EEB910093A80C /* PBXContainerItemProxy */;
		};
		A385358E272EEB910093A80C /* PBXTargetDependency */ = {
			isa = PBXTargetDependency;
			target = A385356E272EEB910093A80C /* quick-blank-file */;
			targetProxy = A385358D272EEB910093A80C /* PBXContainerItemProxy */;
		};
/* End PBXTargetDependency section */

/* Begin PBXVariantGroup section */
		A3853578272EEB910093A80C /* Main.storyboard */ = {
			isa = PBXVariantGroup;
			children = (
				A3853579272EEB910093A80C /* Base */,
			);
			name = Main.storyboard;
			sourceTree = "<group>";
		};
/* End PBXVariantGroup section */

/* Begin XCBuildConfiguration section */
		A3853593272EEB910093A80C /* Debug */ = {
			isa = XCBuildConfiguration;
			buildSettings = {
				ALWAYS_SEARCH_USER_PATHS = NO;
				CLANG_ANALYZER_NONNULL = YES;
				CLANG_ANALYZER_NUMBER_OBJECT_CONVERSION = YES_AGGRESSIVE;
				CLANG_CXX_LANGUAGE_STANDARD = "gnu++14";
				CLANG_CXX_LIBRARY = "libc++";
				CLANG_ENABLE_MODULES = YES;
				CLANG_ENABLE_OBJC_ARC = YES;
				CLANG_WARN_BLOCK_CAPTURE_AUTORELEASING = YES;
				CLANG_WARN_BOOL_CONVERSION = YES;
				CLANG_WARN_COMMA = YES;
				CLANG_WARN_CONSTANT_CONVERSION = YES;
				CLANG_WARN_DIRECT_OBJC_ISA_USAGE = YES_ERROR;
				CLANG_WARN_DOCUMENTATION_COMMENTS = YES;
				CLANG_WARN_EMPTY_BODY = YES;
				CLANG_WARN_ENUM_CONVERSION = YES;
				CLANG_WARN_INFINITE_RECURSION = YES;
				CLANG_WARN_INT_CONVERSION = YES;
				CLANG_WARN_NON_LITERAL_NULL_CONVERSION = YES;
				CLANG_WARN_OBJC_LITERAL_CONVERSION = YES;
				CLANG_WARN_OBJC_ROOT_CLASS = YES_ERROR;
				CLANG_WARN_RANGE_LOOP_ANALYSIS = YES;
				CLANG_WARN_STRICT_PROTOTYPES = YES;
				CLANG_WARN_SUSPICIOUS_MOVE = YES;
				CLANG_WARN_UNGUARDED_AVAILABILITY = YES_AGGRESSIVE;
				CLANG_WARN_UNREACHABLE_CODE = YES;
				CLANG_WARN__DUPLICATE_METHOD_MATCH = YES;
				CODE_SIGN_IDENTITY = "-";
				COPY_PHASE_STRIP = NO;
				DEBUG_INFORMATION_FORMAT = dwarf;
				ENABLE_STRICT_OBJC_MSGSEND = YES;
				ENABLE_TESTABILITY = YES;
				GCC_C_LANGUAGE_STANDARD = gnu11;
				GCC_DYNAMIC_NO_PIC = NO;
				GCC_NO_COMMON_BLOCKS = YES;
				GCC_OPTIMIZATION_LEVEL = 0;
				GCC_PREPROCESSOR_DEFINITIONS = (
					"DEBUG=1",
					"$(inherited)",
				);
				GCC_WARN_64_TO_32_BIT_CONVERSION = YES;
				GCC_WARN_ABOUT_RETURN_TYPE = YES_ERROR;
				GCC_WARN_UNDECLARED_SELECTOR = YES;
				GCC_WARN_UNINITIALIZED_AUTOS = YES_AGGRESSIVE;
				GCC_WARN_UNUSED_FUNCTION = YES;
				GCC_WARN_UNUSED_VARIABLE = YES;
				MACOSX_DEPLOYMENT_TARGET = 10.14;
				MTL_ENABLE_DEBUG_INFO = YES;
				ONLY_ACTIVE_ARCH = YES;
				SDKROOT = macosx;
				SWIFT_ACTIVE_COMPILATION_CONDITIONS = DEBUG;
				SWIFT_OPTIMIZATION_LEVEL = "-Onone";
			};
			name = Debug;
		};
		A3853594272EEB910093A80C /* Release */ = {
			isa = XCBuildConfiguration;
			buildSettings = {
				ALWAYS_SEARCH_USER_PATHS = NO;
				CLANG_ANALYZER_NONNULL = YES;
				CLANG_ANALYZER_NUMBER_OBJECT_CONVERSION = YES_AGGRESSIVE;
				CLANG_CXX_LANGUAGE_STANDARD = "gnu++14";
				CLANG_CXX_LIBRARY = "libc++";
				CLANG_ENABLE_MODULES = YES;
				CLANG_ENABLE_OBJC_ARC = YES;
				CLANG_WARN_BLOCK_CAPTURE_AUTORELEASING = YES;
				CLANG_WARN_BOOL_CONVERSION = YES;
				CLANG_WARN_COMMA = YES;
				CLANG_WARN_CONSTANT_CONVERSION = YES;
				CLANG_WARN_DIRECT_OBJC_ISA_USAGE = YES_ERROR;
				CLANG_WARN_DOCUMENTATION_COMMENTS = YES;
				CLANG_WARN_EMPTY_BODY = YES;
				CLANG_WARN_ENUM_CONVERSION = YES;
				CLANG_WARN_INFINITE_RECURSION = YES;
				CLANG_WARN_INT_CONVERSION = YES;
				CLANG_WARN_NON_LITERAL_NULL_CONVERSION = YES;
				CLANG_WARN_OBJC_LITERAL_CONVERSION = YES;
				CLANG_WARN_OBJC_ROOT_CLASS = YES_ERROR;
				CLANG_WARN_RANGE_LOOP_ANALYSIS = YES;
				CLANG_WARN_STRICT_PROTOTYPES = YES;
				CLANG_WARN_SUSPICIOUS_MOVE = YES;
				CLANG_WARN_UNGUARDED_AVAILABILITY = YES_AGGRESSIVE;
				CLANG_WARN_UNREACHABLE_CODE = YES;
				CLANG_WARN__DUPLICATE_METHOD_MATCH = YES;
				CODE_SIGN_IDENTITY = "-";
				COPY_PHASE_STRIP = NO;
				DEBUG_INFORMATION_FORMAT = "dwarf-with-dsym";
				ENABLE_NS_ASSERTIONS = NO;
				ENABLE_STRICT_OBJC_MSGSEND = YES;
				GCC_C_LANGUAGE_STANDARD = gnu11;
				GCC_NO_COMMON_BLOCKS = YES;
				GCC_WARN_64_TO_32_BIT_CONVERSION = YES;
				GCC_WARN_ABOUT_RETURN_TYPE = YES_ERROR;
				GCC_WARN_UNDECLARED_SELECTOR = YES;
				GCC_WARN_UNINITIALIZED_AUTOS = YES_AGGRESSIVE;
				GCC_WARN_UNUSED_FUNCTION = YES;
				GCC_WARN_UNUSED_VARIABLE = YES;
				MACOSX_DEPLOYMENT_TARGET = 10.14;
				MTL_ENABLE_DEBUG_INFO = NO;
				SDKROOT = macosx;
				SWIFT_OPTIMIZATION_LEVEL = "-Owholemodule";
			};
			name = Release;
		};
		A3853596272EEB910093A80C /* Debug */ = {
			isa = XCBuildConfiguration;
			buildSettings = {
				ASSETCATALOG_COMPILER_APPICON_NAME = AppIcon;
				CODE_SIGN_ENTITLEMENTS = "quick-blank-file/quick_blank_file.entitlements";
				CODE_SIGN_STYLE = Automatic;
				COMBINE_HIDPI_IMAGES = YES;
				INFOPLIST_FILE = "quick-blank-file/Info.plist";
				LD_RUNPATH_SEARCH_PATHS = "$(inherited) @executable_path/../Frameworks";
				PRODUCT_BUNDLE_IDENTIFIER = "org.ololx.quick-blank-file";
				PRODUCT_NAME = "$(TARGET_NAME)";
				SWIFT_VERSION = 4.0;
			};
			name = Debug;
		};
		A3853597272EEB910093A80C /* Release */ = {
			isa = XCBuildConfiguration;
			buildSettings = {
				ASSETCATALOG_COMPILER_APPICON_NAME = AppIcon;
				CODE_SIGN_ENTITLEMENTS = "quick-blank-file/quick_blank_file.entitlements";
				CODE_SIGN_STYLE = Automatic;
				COMBINE_HIDPI_IMAGES = YES;
				INFOPLIST_FILE = "quick-blank-file/Info.plist";
				LD_RUNPATH_SEARCH_PATHS = "$(inherited) @executable_path/../Frameworks";
				PRODUCT_BUNDLE_IDENTIFIER = "org.ololx.quick-blank-file";
				PRODUCT_NAME = "$(TARGET_NAME)";
				SWIFT_VERSION = 4.0;
			};
			name = Release;
		};
		A3853599272EEB910093A80C /* Debug */ = {
			isa = XCBuildConfiguration;
			buildSettings = {
				ALWAYS_EMBED_SWIFT_STANDARD_LIBRARIES = YES;
				BUNDLE_LOADER = "$(TEST_HOST)";
				CODE_SIGN_STYLE = Automatic;
				COMBINE_HIDPI_IMAGES = YES;
				INFOPLIST_FILE = "quick-blank-fileTests/Info.plist";
				LD_RUNPATH_SEARCH_PATHS = "$(inherited) @executable_path/../Frameworks @loader_path/../Frameworks";
				PRODUCT_BUNDLE_IDENTIFIER = "org.ololx.quick-blank-fileTests";
				PRODUCT_NAME = "$(TARGET_NAME)";
				SWIFT_VERSION = 4.0;
				TEST_HOST = "$(BUILT_PRODUCTS_DIR)/quick-blank-file.app/Contents/MacOS/quick-blank-file";
			};
			name = Debug;
		};
		A385359A272EEB910093A80C /* Release */ = {
			isa = XCBuildConfiguration;
			buildSettings = {
				ALWAYS_EMBED_SWIFT_STANDARD_LIBRARIES = YES;
				BUNDLE_LOADER = "$(TEST_HOST)";
				CODE_SIGN_STYLE = Automatic;
				COMBINE_HIDPI_IMAGES = YES;
				INFOPLIST_FILE = "quick-blank-fileTests/Info.plist";
				LD_RUNPATH_SEARCH_PATHS = "$(inherited) @executable_path/../Frameworks @loader_path/../Frameworks";
				PRODUCT_BUNDLE_IDENTIFIER = "org.ololx.quick-blank-fileTests";
				PRODUCT_NAME = "$(TARGET_NAME)";
				SWIFT_VERSION = 4.0;
				TEST_HOST = "$(BUILT_PRODUCTS_DIR)/quick-blank-file.app/Contents/MacOS/quick-blank-file";
			};
			name = Release;
		};
		A385359C272EEB910093A80C /* Debug */ = {
			isa = XCBuildConfiguration;
			buildSettings = {
				ALWAYS_EMBED_SWIFT_STANDARD_LIBRARIES = YES;
				CODE_SIGN_STYLE = Automatic;
				COMBINE_HIDPI_IMAGES = YES;
				INFOPLIST_FILE = "quick-blank-fileUITests/Info.plist";
				LD_RUNPATH_SEARCH_PATHS = "$(inherited) @executable_path/../Frameworks @loader_path/../Frameworks";
				PRODUCT_BUNDLE_IDENTIFIER = "org.ololx.quick-blank-fileUITests";
				PRODUCT_NAME = "$(TARGET_NAME)";
				SWIFT_VERSION = 4.0;
				TEST_TARGET_NAME = "quick-blank-file";
			};
			name = Debug;
		};
		A385359D272EEB910093A80C /* Release */ = {
			isa = XCBuildConfiguration;
			buildSettings = {
				ALWAYS_EMBED_SWIFT_STANDARD_LIBRARIES = YES;
				CODE_SIGN_STYLE = Automatic;
				COMBINE_HIDPI_IMAGES = YES;
				INFOPLIST_FILE = "quick-blank-fileUITests/Info.plist";
				LD_RUNPATH_SEARCH_PATHS = "$(inherited) @executable_path/../Frameworks @loader_path/../Frameworks";
				PRODUCT_BUNDLE_IDENTIFIER = "org.ololx.quick-blank-fileUITests";
				PRODUCT_NAME = "$(TARGET_NAME)";
				SWIFT_VERSION = 4.0;
				TEST_TARGET_NAME = "quick-blank-file";
			};
			name = Release;
		};
/* End XCBuildConfiguration section */

/* Begin XCConfigurationList section */
		A385356A272EEB910093A80C /* Build configuration list for PBXProject "quick-blank-file" */ = {
			isa = XCConfigurationList;
			buildConfigurations = (
				A3853593272EEB910093A80C /* Debug */,
				A3853594272EEB910093A80C /* Release */,
			);
			defaultConfigurationIsVisible = 0;
			defaultConfigurationName = Release;
		};
		A3853595272EEB910093A80C /* Build configuration list for PBXNativeTarget "quick-blank-file" */ = {
			isa = XCConfigurationList;
			buildConfigurations = (
				A3853596272EEB910093A80C /* Debug */,
				A3853597272EEB910093A80C /* Release */,
			);
			defaultConfigurationIsVisible = 0;
			defaultConfigurationName = Release;
		};
		A3853598272EEB910093A80C /* Build configuration list for PBXNativeTarget "quick-blank-fileTests" */ = {
			isa = XCConfigurationList;
			buildConfigurations = (
				A3853599272EEB910093A80C /* Debug */,
				A385359A272EEB910093A80C /* Release */,
			);
			defaultConfigurationIsVisible = 0;
			defaultConfigurationName = Release;
		};
		A385359B272EEB910093A80C /* Build configuration list for PBXNativeTarget "quick-blank-fileUITests" */ = {
			isa = XCConfigurationList;
			buildConfigurations = (
				A385359C272EEB910093A80C /* Debug */,
				A385359D272EEB910093A80C /* Release */,
			);
			defaultConfigurationIsVisible = 0;
			defaultConfigurationName = Release;
		};
/* End XCConfigurationList section */
	};
	rootObject = A3853567272EEB910093A80C /* Project object */;
}
